
Microsoft Visual Studio Solution File, Format Version 12.00
# Visual Studio Version 17
VisualStudioVersion = 17.13.35919.96
MinimumVisualStudioVersion = 10.0.40219.1
Project("{FAE04EC0-301F-11D3-BF4B-00C04F79EFBC}") = "Issue18609", "Issue18609\Issue18609.csproj", "{D57C21D3-8085-449B-BF30-AF22F0F0DB5C}"
EndProject
Project("{FAE04EC0-301F-11D3-BF4B-00C04F79EFBC}") = "PackageDemo1", "PackageDemo1\PackageDemo1.csproj", "{3BC87A8B-DA2D-1236-DEA2-79CB358DE327}"
EndProject
Project("{FAE04EC0-301F-11D3-BF4B-00C04F79EFBC}") = "PackageDemo2", "PackageDemo2\PackageDemo2.csproj", "{BB2F831F-F32A-85C9-7329-3FC7ACFC6267}"
EndProject
Project("{2150E333-8FDC-42A3-9474-1A3956D46DE8}") = "Solution", "Solution", "{02EA681E-C7D8-13C7-8484-4AC65E1B71E8}"
	ProjectSection(SolutionItems) = preProject
		.gitignore = .gitignore
		README.md = README.md
	EndProjectSection
EndProject
Global
	GlobalSection(SolutionConfigurationPlatforms) = preSolution
		Debug|Any CPU = Debug|Any CPU
		Release|Any CPU = Release|Any CPU
	EndGlobalSection
	GlobalSection(ProjectConfigurationPlatforms) = postSolution
		{D57C21D3-8085-449B-BF30-AF22F0F0DB5C}.Debug|Any CPU.ActiveCfg = Debug|Any CPU
		{D57C21D3-8085-449B-BF30-AF22F0F0DB5C}.Debug|Any CPU.Build.0 = Debug|Any CPU
		{D57C21D3-8085-449B-BF30-AF22F0F0DB5C}.Release|Any CPU.ActiveCfg = Release|Any CPU
		{D57C21D3-8085-449B-BF30-AF22F0F0DB5C}.Release|Any CPU.Build.0 = Release|Any CPU
		{3BC87A8B-DA2D-1236-DEA2-79CB358DE327}.Debug|Any CPU.ActiveCfg = Debug|Any CPU
		{3BC87A8B-DA2D-1236-DEA2-79CB358DE327}.Debug|Any CPU.Build.0 = Debug|Any CPU
		{3BC87A8B-DA2D-1236-DEA2-79CB358DE327}.Release|Any CPU.ActiveCfg = Release|Any CPU
		{3BC87A8B-DA2D-1236-DEA2-79CB358DE327}.Release|Any CPU.Build.0 = Release|Any CPU
		{BB2F831F-F32A-85C9-7329-3FC7ACFC6267}.Debug|Any CPU.ActiveCfg = Debug|Any CPU
		{BB2F831F-F32A-85C9-7329-3FC7ACFC6267}.Debug|Any CPU.Build.0 = Debug|Any CPU
		{BB2F831F-F32A-85C9-7329-3FC7ACFC6267}.Release|Any CPU.ActiveCfg = Release|Any CPU
		{BB2F831F-F32A-85C9-7329-3FC7ACFC6267}.Release|Any CPU.Build.0 = Release|Any CPU
	EndGlobalSection
	GlobalSection(SolutionProperties) = preSolution
		HideSolutionNode = FALSE
	EndGlobalSection
	GlobalSection(ExtensibilityGlobals) = postSolution
		SolutionGuid = {21B7D542-3A86-4690-BEEB-A8D9180D70A9}
	EndGlobalSection
EndGlobal
